
Microsoft Visual Studio Solution File, Format Version 12.00
# Visual Studio Version 16
VisualStudioVersion = 16.0.31702.278
MinimumVisualStudioVersion = 10.0.40219.1
Project("{FAE04EC0-301F-11D3-BF4B-00C04F79EFBC}") = "LibraryException", "LibraryException\LibraryException.csproj", "{BE418F73-142F-4F65-85D3-9B207D8C76EA}"
EndProject
Global
	GlobalSection(SolutionConfigurationPlatforms) = preSolution
		Debug|Any CPU = Debug|Any CPU
		Release|Any CPU = Release|Any CPU
	EndGlobalSection
	GlobalSection(ProjectConfigurationPlatforms) = postSolution
		{BE418F73-142F-4F65-85D3-9B207D8C76EA}.Debug|Any CPU.ActiveCfg = Debug|Any CPU
		{BE418F73-142F-4F65-85D3-9B207D8C76EA}.Debug|Any CPU.Build.0 = Debug|Any CPU
		{BE418F73-142F-4F65-85D3-9B207D8C76EA}.Release|Any CPU.ActiveCfg = Release|Any CPU
		{BE418F73-142F-4F65-85D3-9B207D8C76EA}.Release|Any CPU.Build.0 = Release|Any CPU
	EndGlobalSection
	GlobalSection(SolutionProperties) = preSolution
		HideSolutionNode = FALSE
	EndGlobalSection
	GlobalSection(ExtensibilityGlobals) = postSolution
		SolutionGuid = {6C01F2B7-7873-4D53-962A-C020D4269FAC}
	EndGlobalSection
EndGlobal
